
Microsoft Visual Studio Solution File, Format Version 12.00
# Visual Studio Version 16
VisualStudioVersion = 16.0.29326.143
MinimumVisualStudioVersion = 10.0.40219.1
Project("{8BC9CEB8-8B4A-11D0-8D11-00A0C91BC942}") = "otro", "otro\otro.vcxproj", "{99045A30-3A7A-4861-8DCC-50DAA3B6B501}"
EndProject
Global
	GlobalSection(SolutionConfigurationPlatforms) = preSolution
		Debug|x64 = Debug|x64
		Debug|x86 = Debug|x86
		Release|x64 = Release|x64
		Release|x86 = Release|x86
	EndGlobalSection
	GlobalSection(ProjectConfigurationPlatforms) = postSolution
		{99045A30-3A7A-4861-8DCC-50DAA3B6B501}.Debug|x64.ActiveCfg = Debug|x64
		{99045A30-3A7A-4861-8DCC-50DAA3B6B501}.Debug|x64.Build.0 = Debug|x64
		{99045A30-3A7A-4861-8DCC-50DAA3B6B501}.Debug|x86.ActiveCfg = Debug|Win32
		{99045A30-3A7A-4861-8DCC-50DAA3B6B501}.Debug|x86.Build.0 = Debug|Win32
		{99045A30-3A7A-4861-8DCC-50DAA3B6B501}.Release|x64.ActiveCfg = Release|x64
		{99045A30-3A7A-4861-8DCC-50DAA3B6B501}.Release|x64.Build.0 = Release|x64
		{99045A30-3A7A-4861-8DCC-50DAA3B6B501}.Release|x86.ActiveCfg = Release|Win32
		{99045A30-3A7A-4861-8DCC-50DAA3B6B501}.Release|x86.Build.0 = Release|Win32
	EndGlobalSection
	GlobalSection(SolutionProperties) = preSolution
		HideSolutionNode = FALSE
	EndGlobalSection
	GlobalSection(ExtensibilityGlobals) = postSolution
		SolutionGuid = {D0FCF0A4-F90B-4FEC-9AAC-D11A0943D4E4}
	EndGlobalSection
EndGlobal
